
Microsoft Visual Studio Solution File, Format Version 12.00
Project("{FAE04EC0-301F-11D3-BF4B-00C04F79EFBC}") = "HealthChecksExample", "HealthChecksExample.csproj", "{0330DA15-8C3C-4EF2-997B-705BB946589A}"
EndProject
Global
	GlobalSection(SolutionConfigurationPlatforms) = preSolution
		Debug|Any CPU = Debug|Any CPU
		Release|Any CPU = Release|Any CPU
	EndGlobalSection
	GlobalSection(ProjectConfigurationPlatforms) = postSolution
		{0330DA15-8C3C-4EF2-997B-705BB946589A}.Debug|Any CPU.ActiveCfg = Debug|Any CPU
		{0330DA15-8C3C-4EF2-997B-705BB946589A}.Debug|Any CPU.Build.0 = Debug|Any CPU
		{0330DA15-8C3C-4EF2-997B-705BB946589A}.Release|Any CPU.ActiveCfg = Release|Any CPU
		{0330DA15-8C3C-4EF2-997B-705BB946589A}.Release|Any CPU.Build.0 = Release|Any CPU
	EndGlobalSection
EndGlobal
